
Microsoft Visual Studio Solution File, Format Version 12.00
# Visual Studio Version 17
Project("{8BC9CEB8-8B4A-11D0-8D11-00A0C91BC942}") = "ALL_BUILD", "ALL_BUILD.vcxproj", "{AFC28FBD-D7EE-393A-BB8A-6C501D327049}"
	ProjectSection(ProjectDependencies) = postProject
		{492E81E0-980C-368A-ABB6-56BCE81DA135} = {492E81E0-980C-368A-ABB6-56BCE81DA135}
		{0C8E5E30-8B46-3A9B-9923-DB57DEBAB54F} = {0C8E5E30-8B46-3A9B-9923-DB57DEBAB54F}
		{F8C62166-0885-37B2-8F02-96E5EE85C97B} = {F8C62166-0885-37B2-8F02-96E5EE85C97B}
		{8CC3A722-ACAD-367B-A16F-C4B65C71CD64} = {8CC3A722-ACAD-367B-A16F-C4B65C71CD64}
		{19EC141D-E4F7-3535-83DB-8E6C01F407B0} = {19EC141D-E4F7-3535-83DB-8E6C01F407B0}
		{1B0444E5-16A3-356E-BCCB-89604C046461} = {1B0444E5-16A3-356E-BCCB-89604C046461}
		{21FB5161-E4EA-3084-A78A-11C5A6EF0442} = {21FB5161-E4EA-3084-A78A-11C5A6EF0442}
	EndProjectSection
EndProject
Project("{8BC9CEB8-8B4A-11D0-8D11-00A0C91BC942}") = "INSTALL", "INSTALL.vcxproj", "{8C00C324-E93F-301B-8BBD-34164AD5F15C}"
	ProjectSection(ProjectDependencies) = postProject
		{AFC28FBD-D7EE-393A-BB8A-6C501D327049} = {AFC28FBD-D7EE-393A-BB8A-6C501D327049}
		{492E81E0-980C-368A-ABB6-56BCE81DA135} = {492E81E0-980C-368A-ABB6-56BCE81DA135}
	EndProjectSection
EndProject
Project("{8BC9CEB8-8B4A-11D0-8D11-00A0C91BC942}") = "RUN_TESTS", "RUN_TESTS.vcxproj", "{EA0C27F6-8762-325A-8D81-71842A9639CE}"
	ProjectSection(ProjectDependencies) = postProject
		{492E81E0-980C-368A-ABB6-56BCE81DA135} = {492E81E0-980C-368A-ABB6-56BCE81DA135}
	EndProjectSection
EndProject
Project("{8BC9CEB8-8B4A-11D0-8D11-00A0C91BC942}") = "ZERO_CHECK", "ZERO_CHECK.vcxproj", "{492E81E0-980C-368A-ABB6-56BCE81DA135}"
	ProjectSection(ProjectDependencies) = postProject
	EndProjectSection
EndProject
Project("{8BC9CEB8-8B4A-11D0-8D11-00A0C91BC942}") = "executable", "executable.vcxproj", "{0C8E5E30-8B46-3A9B-9923-DB57DEBAB54F}"
	ProjectSection(ProjectDependencies) = postProject
		{492E81E0-980C-368A-ABB6-56BCE81DA135} = {492E81E0-980C-368A-ABB6-56BCE81DA135}
	EndProjectSection
EndProject
Project("{8BC9CEB8-8B4A-11D0-8D11-00A0C91BC942}") = "gmock", "_deps\googletest-build\googlemock\gmock.vcxproj", "{F8C62166-0885-37B2-8F02-96E5EE85C97B}"
	ProjectSection(ProjectDependencies) = postProject
		{492E81E0-980C-368A-ABB6-56BCE81DA135} = {492E81E0-980C-368A-ABB6-56BCE81DA135}
	EndProjectSection
EndProject
Project("{8BC9CEB8-8B4A-11D0-8D11-00A0C91BC942}") = "gmock_main", "_deps\googletest-build\googlemock\gmock_main.vcxproj", "{8CC3A722-ACAD-367B-A16F-C4B65C71CD64}"
	ProjectSection(ProjectDependencies) = postProject
		{492E81E0-980C-368A-ABB6-56BCE81DA135} = {492E81E0-980C-368A-ABB6-56BCE81DA135}
	EndProjectSection
EndProject
Project("{8BC9CEB8-8B4A-11D0-8D11-00A0C91BC942}") = "gtest", "_deps\googletest-build\googletest\gtest.vcxproj", "{19EC141D-E4F7-3535-83DB-8E6C01F407B0}"
	ProjectSection(ProjectDependencies) = postProject
		{492E81E0-980C-368A-ABB6-56BCE81DA135} = {492E81E0-980C-368A-ABB6-56BCE81DA135}
	EndProjectSection
EndProject
Project("{8BC9CEB8-8B4A-11D0-8D11-00A0C91BC942}") = "gtest_main", "_deps\googletest-build\googletest\gtest_main.vcxproj", "{1B0444E5-16A3-356E-BCCB-89604C046461}"
	ProjectSection(ProjectDependencies) = postProject
		{492E81E0-980C-368A-ABB6-56BCE81DA135} = {492E81E0-980C-368A-ABB6-56BCE81DA135}
		{19EC141D-E4F7-3535-83DB-8E6C01F407B0} = {19EC141D-E4F7-3535-83DB-8E6C01F407B0}
	EndProjectSection
EndProject
Project("{8BC9CEB8-8B4A-11D0-8D11-00A0C91BC942}") = "testing", "testing.vcxproj", "{21FB5161-E4EA-3084-A78A-11C5A6EF0442}"
	ProjectSection(ProjectDependencies) = postProject
		{492E81E0-980C-368A-ABB6-56BCE81DA135} = {492E81E0-980C-368A-ABB6-56BCE81DA135}
		{19EC141D-E4F7-3535-83DB-8E6C01F407B0} = {19EC141D-E4F7-3535-83DB-8E6C01F407B0}
		{1B0444E5-16A3-356E-BCCB-89604C046461} = {1B0444E5-16A3-356E-BCCB-89604C046461}
	EndProjectSection
EndProject
Global
	GlobalSection(SolutionConfigurationPlatforms) = preSolution
		Debug|x64 = Debug|x64
		Release|x64 = Release|x64
		MinSizeRel|x64 = MinSizeRel|x64
		RelWithDebInfo|x64 = RelWithDebInfo|x64
	EndGlobalSection
	GlobalSection(ProjectConfigurationPlatforms) = postSolution
		{AFC28FBD-D7EE-393A-BB8A-6C501D327049}.Debug|x64.ActiveCfg = Debug|x64
		{AFC28FBD-D7EE-393A-BB8A-6C501D327049}.Debug|x64.Build.0 = Debug|x64
		{AFC28FBD-D7EE-393A-BB8A-6C501D327049}.Release|x64.ActiveCfg = Release|x64
		{AFC28FBD-D7EE-393A-BB8A-6C501D327049}.Release|x64.Build.0 = Release|x64
		{AFC28FBD-D7EE-393A-BB8A-6C501D327049}.MinSizeRel|x64.ActiveCfg = MinSizeRel|x64
		{AFC28FBD-D7EE-393A-BB8A-6C501D327049}.MinSizeRel|x64.Build.0 = MinSizeRel|x64
		{AFC28FBD-D7EE-393A-BB8A-6C501D327049}.RelWithDebInfo|x64.ActiveCfg = RelWithDebInfo|x64
		{AFC28FBD-D7EE-393A-BB8A-6C501D327049}.RelWithDebInfo|x64.Build.0 = RelWithDebInfo|x64
		{8C00C324-E93F-301B-8BBD-34164AD5F15C}.Debug|x64.ActiveCfg = Debug|x64
		{8C00C324-E93F-301B-8BBD-34164AD5F15C}.Release|x64.ActiveCfg = Release|x64
		{8C00C324-E93F-301B-8BBD-34164AD5F15C}.MinSizeRel|x64.ActiveCfg = MinSizeRel|x64
		{8C00C324-E93F-301B-8BBD-34164AD5F15C}.RelWithDebInfo|x64.ActiveCfg = RelWithDebInfo|x64
		{EA0C27F6-8762-325A-8D81-71842A9639CE}.Debug|x64.ActiveCfg = Debug|x64
		{EA0C27F6-8762-325A-8D81-71842A9639CE}.Release|x64.ActiveCfg = Release|x64
		{EA0C27F6-8762-325A-8D81-71842A9639CE}.MinSizeRel|x64.ActiveCfg = MinSizeRel|x64
		{EA0C27F6-8762-325A-8D81-71842A9639CE}.RelWithDebInfo|x64.ActiveCfg = RelWithDebInfo|x64
		{492E81E0-980C-368A-ABB6-56BCE81DA135}.Debug|x64.ActiveCfg = Debug|x64
		{492E81E0-980C-368A-ABB6-56BCE81DA135}.Debug|x64.Build.0 = Debug|x64
		{492E81E0-980C-368A-ABB6-56BCE81DA135}.Release|x64.ActiveCfg = Release|x64
		{492E81E0-980C-368A-ABB6-56BCE81DA135}.Release|x64.Build.0 = Release|x64
		{492E81E0-980C-368A-ABB6-56BCE81DA135}.MinSizeRel|x64.ActiveCfg = MinSizeRel|x64
		{492E81E0-980C-368A-ABB6-56BCE81DA135}.MinSizeRel|x64.Build.0 = MinSizeRel|x64
		{492E81E0-980C-368A-ABB6-56BCE81DA135}.RelWithDebInfo|x64.ActiveCfg = RelWithDebInfo|x64
		{492E81E0-980C-368A-ABB6-56BCE81DA135}.RelWithDebInfo|x64.Build.0 = RelWithDebInfo|x64
		{0C8E5E30-8B46-3A9B-9923-DB57DEBAB54F}.Debug|x64.ActiveCfg = Debug|x64
		{0C8E5E30-8B46-3A9B-9923-DB57DEBAB54F}.Debug|x64.Build.0 = Debug|x64
		{0C8E5E30-8B46-3A9B-9923-DB57DEBAB54F}.Release|x64.ActiveCfg = Release|x64
		{0C8E5E30-8B46-3A9B-9923-DB57DEBAB54F}.Release|x64.Build.0 = Release|x64
		{0C8E5E30-8B46-3A9B-9923-DB57DEBAB54F}.MinSizeRel|x64.ActiveCfg = MinSizeRel|x64
		{0C8E5E30-8B46-3A9B-9923-DB57DEBAB54F}.MinSizeRel|x64.Build.0 = MinSizeRel|x64
		{0C8E5E30-8B46-3A9B-9923-DB57DEBAB54F}.RelWithDebInfo|x64.ActiveCfg = RelWithDebInfo|x64
		{0C8E5E30-8B46-3A9B-9923-DB57DEBAB54F}.RelWithDebInfo|x64.Build.0 = RelWithDebInfo|x64
		{F8C62166-0885-37B2-8F02-96E5EE85C97B}.Debug|x64.ActiveCfg = Debug|x64
		{F8C62166-0885-37B2-8F02-96E5EE85C97B}.Debug|x64.Build.0 = Debug|x64
		{F8C62166-0885-37B2-8F02-96E5EE85C97B}.Release|x64.ActiveCfg = Release|x64
		{F8C62166-0885-37B2-8F02-96E5EE85C97B}.Release|x64.Build.0 = Release|x64
		{F8C62166-0885-37B2-8F02-96E5EE85C97B}.MinSizeRel|x64.ActiveCfg = MinSizeRel|x64
		{F8C62166-0885-37B2-8F02-96E5EE85C97B}.MinSizeRel|x64.Build.0 = MinSizeRel|x64
		{F8C62166-0885-37B2-8F02-96E5EE85C97B}.RelWithDebInfo|x64.ActiveCfg = RelWithDebInfo|x64
		{F8C62166-0885-37B2-8F02-96E5EE85C97B}.RelWithDebInfo|x64.Build.0 = RelWithDebInfo|x64
		{8CC3A722-ACAD-367B-A16F-C4B65C71CD64}.Debug|x64.ActiveCfg = Debug|x64
		{8CC3A722-ACAD-367B-A16F-C4B65C71CD64}.Debug|x64.Build.0 = Debug|x64
		{8CC3A722-ACAD-367B-A16F-C4B65C71CD64}.Release|x64.ActiveCfg = Release|x64
		{8CC3A722-ACAD-367B-A16F-C4B65C71CD64}.Release|x64.Build.0 = Release|x64
		{8CC3A722-ACAD-367B-A16F-C4B65C71CD64}.MinSizeRel|x64.ActiveCfg = MinSizeRel|x64
		{8CC3A722-ACAD-367B-A16F-C4B65C71CD64}.MinSizeRel|x64.Build.0 = MinSizeRel|x64
		{8CC3A722-ACAD-367B-A16F-C4B65C71CD64}.RelWithDebInfo|x64.ActiveCfg = RelWithDebInfo|x64
		{8CC3A722-ACAD-367B-A16F-C4B65C71CD64}.RelWithDebInfo|x64.Build.0 = RelWithDebInfo|x64
		{19EC141D-E4F7-3535-83DB-8E6C01F407B0}.Debug|x64.ActiveCfg = Debug|x64
		{19EC141D-E4F7-3535-83DB-8E6C01F407B0}.Debug|x64.Build.0 = Debug|x64
		{19EC141D-E4F7-3535-83DB-8E6C01F407B0}.Release|x64.ActiveCfg = Release|x64
		{19EC141D-E4F7-3535-83DB-8E6C01F407B0}.Release|x64.Build.0 = Release|x64
		{19EC141D-E4F7-3535-83DB-8E6C01F407B0}.MinSizeRel|x64.ActiveCfg = MinSizeRel|x64
		{19EC141D-E4F7-3535-83DB-8E6C01F407B0}.MinSizeRel|x64.Build.0 = MinSizeRel|x64
		{19EC141D-E4F7-3535-83DB-8E6C01F407B0}.RelWithDebInfo|x64.ActiveCfg = RelWithDebInfo|x64
		{19EC141D-E4F7-3535-83DB-8E6C01F407B0}.RelWithDebInfo|x64.Build.0 = RelWithDebInfo|x64
		{1B0444E5-16A3-356E-BCCB-89604C046461}.Debug|x64.ActiveCfg = Debug|x64
		{1B0444E5-16A3-356E-BCCB-89604C046461}.Debug|x64.Build.0 = Debug|x64
		{1B0444E5-16A3-356E-BCCB-89604C046461}.Release|x64.ActiveCfg = Release|x64
		{1B0444E5-16A3-356E-BCCB-89604C046461}.Release|x64.Build.0 = Release|x64
		{1B0444E5-16A3-356E-BCCB-89604C046461}.MinSizeRel|x64.ActiveCfg = MinSizeRel|x64
		{1B0444E5-16A3-356E-BCCB-89604C046461}.MinSizeRel|x64.Build.0 = MinSizeRel|x64
		{1B0444E5-16A3-356E-BCCB-89604C046461}.RelWithDebInfo|x64.ActiveCfg = RelWithDebInfo|x64
		{1B0444E5-16A3-356E-BCCB-89604C046461}.RelWithDebInfo|x64.Build.0 = RelWithDebInfo|x64
		{21FB5161-E4EA-3084-A78A-11C5A6EF0442}.Debug|x64.ActiveCfg = Debug|x64
		{21FB5161-E4EA-3084-A78A-11C5A6EF0442}.Debug|x64.Build.0 = Debug|x64
		{21FB5161-E4EA-3084-A78A-11C5A6EF0442}.Release|x64.ActiveCfg = Release|x64
		{21FB5161-E4EA-3084-A78A-11C5A6EF0442}.Release|x64.Build.0 = Release|x64
		{21FB5161-E4EA-3084-A78A-11C5A6EF0442}.MinSizeRel|x64.ActiveCfg = MinSizeRel|x64
		{21FB5161-E4EA-3084-A78A-11C5A6EF0442}.MinSizeRel|x64.Build.0 = MinSizeRel|x64
		{21FB5161-E4EA-3084-A78A-11C5A6EF0442}.RelWithDebInfo|x64.ActiveCfg = RelWithDebInfo|x64
		{21FB5161-E4EA-3084-A78A-11C5A6EF0442}.RelWithDebInfo|x64.Build.0 = RelWithDebInfo|x64
	EndGlobalSection
	GlobalSection(ExtensibilityGlobals) = postSolution
		SolutionGuid = {383A7EAB-F7E6-3786-86A6-A43B8ECBB968}
	EndGlobalSection
	GlobalSection(ExtensibilityAddIns) = postSolution
	EndGlobalSection
EndGlobal
