<?xml version="1.0" encoding="utf-8"?>
<Project ToolsVersion="17.0" xmlns="http://schemas.microsoft.com/developer/msbuild/2003">
  <ItemGroup>
    <CustomBuild Include="C:\Users\zz-teto\project-1-craziderpy07\CMakeFiles\55fd41706b99b45c7210e844ca458ded\generate.stamp.rule">
      <Filter>CMake Rules</Filter>
    </CustomBuild>
  </ItemGroup>
  <ItemGroup>
    <Filter Include="CMake Rules">
      <UniqueIdentifier>{23723F0A-CFD2-35EF-AE7A-7AD1068DD8B1}</UniqueIdentifier>
    </Filter>
  </ItemGroup>
</Project>
